Microsoft Visual Studio Solution File, Format Version 12.00
# Visual Studio Version 17
VisualStudioVersion = 17.5.2.0
MinimumVisualStudioVersion = 10.0.40219.1
Project("{FAE04EC0-301F-11D3-BF4B-00C04F79EFBC}") = "AarhusSpaceProgram.Api", "AarhusSpaceProgram.Api.csproj", "{3B8979AD-9625-9AFF-0D38-5557B0ADC4A1}"
EndProject
Global
	GlobalSection(SolutionConfigurationPlatforms) = preSolution
		Debug|Any CPU = Debug|Any CPU
		Release|Any CPU = Release|Any CPU
	EndGlobalSection
	GlobalSection(ProjectConfigurationPlatforms) = postSolution
		{3B8979AD-9625-9AFF-0D38-5557B0ADC4A1}.Debug|Any CPU.ActiveCfg = Debug|Any CPU
		{3B8979AD-9625-9AFF-0D38-5557B0ADC4A1}.Debug|Any CPU.Build.0 = Debug|Any CPU
		{3B8979AD-9625-9AFF-0D38-5557B0ADC4A1}.Release|Any CPU.ActiveCfg = Release|Any CPU
		{3B8979AD-9625-9AFF-0D38-5557B0ADC4A1}.Release|Any CPU.Build.0 = Release|Any CPU
	EndGlobalSection
	GlobalSection(SolutionProperties) = preSolution
		HideSolutionNode = FALSE
	EndGlobalSection
	GlobalSection(ExtensibilityGlobals) = postSolution
		SolutionGuid = {F3F9585D-7CCE-41CA-9C2B-E877452F6E71}
	EndGlobalSection
EndGlobal
